
Microsoft Visual Studio Solution File, Format Version 12.00
# Visual Studio Version 17
VisualStudioVersion = 17.8.34309.116
MinimumVisualStudioVersion = 10.0.40219.1
Project("{FAE04EC0-301F-11D3-BF4B-00C04F79EFBC}") = "A simple Calculator", "A simple Calculator\A simple Calculator.csproj", "{A946658A-5223-4021-AC79-6B6EF415A39A}"
EndProject
Global
	GlobalSection(SolutionConfigurationPlatforms) = preSolution
		Debug|Any CPU = Debug|Any CPU
		Release|Any CPU = Release|Any CPU
	EndGlobalSection
	GlobalSection(ProjectConfigurationPlatforms) = postSolution
		{A946658A-5223-4021-AC79-6B6EF415A39A}.Debug|Any CPU.ActiveCfg = Debug|Any CPU
		{A946658A-5223-4021-AC79-6B6EF415A39A}.Debug|Any CPU.Build.0 = Debug|Any CPU
		{A946658A-5223-4021-AC79-6B6EF415A39A}.Release|Any CPU.ActiveCfg = Release|Any CPU
		{A946658A-5223-4021-AC79-6B6EF415A39A}.Release|Any CPU.Build.0 = Release|Any CPU
	EndGlobalSection
	GlobalSection(SolutionProperties) = preSolution
		HideSolutionNode = FALSE
	EndGlobalSection
	GlobalSection(ExtensibilityGlobals) = postSolution
		SolutionGuid = {51DAEE43-04A6-4C6B-913D-8E00F27527EA}
	EndGlobalSection
EndGlobal
